
Microsoft Visual Studio Solution File, Format Version 12.00
# Visual Studio Version 16
VisualStudioVersion = 16.0.31624.102
MinimumVisualStudioVersion = 10.0.40219.1
Project("{9A19103F-16F7-4668-BE54-9A1E7A4F7556}") = "EssaFuscator", ".\EssaFuscator\EssaFuscator.csproj", "{86632858-4A66-4508-8605-0CFC8CC130BA}"
EndProject
Project("{9A19103F-16F7-4668-BE54-9A1E7A4F7556}") = "EssaFuscator.CLI", "CLI\EssaFuscator.CLI.csproj", "{0E7E3EA4-B0AA-427D-A3A0-58C6C9D086D9}"
EndProject
Global
	GlobalSection(SolutionConfigurationPlatforms) = preSolution
		Debug|Any CPU = Debug|Any CPU
		Release|Any CPU = Release|Any CPU
	EndGlobalSection
	GlobalSection(ProjectConfigurationPlatforms) = postSolution
		{86632858-4A66-4508-8605-0CFC8CC130BA}.Debug|Any CPU.ActiveCfg = Debug|Any CPU
		{86632858-4A66-4508-8605-0CFC8CC130BA}.Debug|Any CPU.Build.0 = Debug|Any CPU
		{86632858-4A66-4508-8605-0CFC8CC130BA}.Release|Any CPU.ActiveCfg = Release|Any CPU
		{86632858-4A66-4508-8605-0CFC8CC130BA}.Release|Any CPU.Build.0 = Release|Any CPU
		{0E7E3EA4-B0AA-427D-A3A0-58C6C9D086D9}.Debug|Any CPU.ActiveCfg = Debug|Any CPU
		{0E7E3EA4-B0AA-427D-A3A0-58C6C9D086D9}.Debug|Any CPU.Build.0 = Debug|Any CPU
		{0E7E3EA4-B0AA-427D-A3A0-58C6C9D086D9}.Release|Any CPU.ActiveCfg = Release|Any CPU
		{0E7E3EA4-B0AA-427D-A3A0-58C6C9D086D9}.Release|Any CPU.Build.0 = Release|Any CPU
	EndGlobalSection
	GlobalSection(SolutionProperties) = preSolution
		HideSolutionNode = FALSE
	EndGlobalSection
	GlobalSection(ExtensibilityGlobals) = postSolution
		SolutionGuid = {CAD1D221-AB95-4A57-88C4-C4EF3BDEB938}
	EndGlobalSection
EndGlobal
